// !$*UTF8*$!
{
	archiveVersion = 1;
	classes = {
	};
	objectVersion = 48;
	objects = {

/* Begin PBXBuildFile section */
		22309EBA20295004000B3A2A /* AppDelegate.m in Sources */ = {isa = PBXBuildFile; fileRef = 22309EB920295004000B3A2A /* AppDelegate.m */; };
		22309EBD20295004000B3A2A /* ViewController.m in Sources */ = {isa = PBXBuildFile; fileRef = 22309EBC20295004000B3A2A /* ViewController.m */; };
		22309EC020295004000B3A2A /* Main.storyboard in Resources */ = {isa = PBXBuildFile; fileRef = 22309EBE20295004000B3A2A /* Main.storyboard */; };
		22309EC220295004000B3A2A /* Assets.xcassets in Resources */ = {isa = PBXBuildFile; fileRef = 22309EC120295004000B3A2A /* Assets.xcassets */; };
		22309EC520295004000B3A2A /* LaunchScreen.storyboard in Resources */ = {isa = PBXBuildFile; fileRef = 22309EC320295004000B3A2A /* LaunchScreen.storyboard */; };
		22309EC820295004000B3A2A /* main.m in Sources */ = {isa = PBXBuildFile; fileRef = 22309EC720295004000B3A2A /* main.m */; };
		22309ED2202951A9000B3A2A /* MainViewController.m in Sources */ = {isa = PBXBuildFile; fileRef = 22309ED1202951A9000B3A2A /* MainViewController.m */; };
		22309ED620297DA0000B3A2A /* QRScannViewController.m in Sources */ = {isa = PBXBuildFile; fileRef = 22309ED520297DA0000B3A2A /* QRScannViewController.m */; };
		22309EDC20297E6B000B3A2A /* UIView+Addition.m in Sources */ = {isa = PBXBuildFile; fileRef = 22309EDA20297E6B000B3A2A /* UIView+Addition.m */; };
		22886280203FBC560024E9D5 /* TakePhotoViewController.m in Sources */ = {isa = PBXBuildFile; fileRef = 2288627F203FBC560024E9D5 /* TakePhotoViewController.m */; };
		22886284203FE9980024E9D5 /* TakeVideoViewController.m in Sources */ = {isa = PBXBuildFile; fileRef = 22886283203FE9980024E9D5 /* TakeVideoViewController.m */; };
		228862882043F2280024E9D5 /* TakeShortVideoViewController.m in Sources */ = {isa = PBXBuildFile; fileRef = 228862872043F2280024E9D5 /* TakeShortVideoViewController.m */; };
/* End PBXBuildFile section */

/* Begin PBXFileReference section */
		22309EB520295004000B3A2A /* VideoTake.app */ = {isa = PBXFileReference; explicitFileType = wrapper.application; includeInIndex = 0; path = VideoTake.app; sourceTree = BUILT_PRODUCTS_DIR; };
		22309EB820295004000B3A2A /* AppDelegate.h */ = {isa = PBXFileReference; lastKnownFileType = sourcecode.c.h; path = AppDelegate.h; sourceTree = "<group>"; };
		22309EB920295004000B3A2A /* AppDelegate.m */ = {isa = PBXFileReference; lastKnownFileType = sourcecode.c.objc; path = AppDelegate.m; sourceTree = "<group>"; };
		22309EBB20295004000B3A2A /* ViewController.h */ = {isa = PBXFileReference; lastKnownFileType = sourcecode.c.h; path = ViewController.h; sourceTree = "<group>"; };
		22309EBC20295004000B3A2A /* ViewController.m */ = {isa = PBXFileReference; lastKnownFileType = sourcecode.c.objc; path = ViewController.m; sourceTree = "<group>"; };
		22309EBF20295004000B3A2A /* Base */ = {isa = PBXFileReference; lastKnownFileType = file.storyboard; name = Base; path = Base.lproj/Main.storyboard; sourceTree = "<group>"; };
		22309EC120295004000B3A2A /* Assets.xcassets */ = {isa = PBXFileReference; lastKnownFileType = folder.assetcatalog; path = Assets.xcassets; sourceTree = "<group>"; };
		22309EC420295004000B3A2A /* Base */ = {isa = PBXFileReference; lastKnownFileType = file.storyboard; name = Base; path = Base.lproj/LaunchScreen.storyboard; sourceTree = "<group>"; };
		22309EC620295004000B3A2A /* Info.plist */ = {isa = PBXFileReference; lastKnownFileType = text.plist.xml; path = Info.plist; sourceTree = "<group>"; };
		22309EC720295004000B3A2A /* main.m */ = {isa = PBXFileReference; lastKnownFileType = sourcecode.c.objc; path = main.m; sourceTree = "<group>"; };
		22309ED0202951A9000B3A2A /* MainViewController.h */ = {isa = PBXFileReference; lastKnownFileType = sourcecode.c.h; path = MainViewController.h; sourceTree = "<group>"; };
		22309ED1202951A9000B3A2A /* MainViewController.m */ = {isa = PBXFileReference; lastKnownFileType = sourcecode.c.objc; path = MainViewController.m; sourceTree = "<group>"; };
		22309ED420297DA0000B3A2A /* QRScannViewController.h */ = {isa = PBXFileReference; lastKnownFileType = sourcecode.c.h; path = QRScannViewController.h; sourceTree = "<group>"; };
		22309ED520297DA0000B3A2A /* QRScannViewController.m */ = {isa = PBXFileReference; lastKnownFileType = sourcecode.c.objc; path = QRScannViewController.m; sourceTree = "<group>"; };
		22309EDA20297E6B000B3A2A /* UIView+Addition.m */ = {isa = PBXFileReference; fileEncoding = 4; lastKnownFileType = sourcecode.c.objc; path = "UIView+Addition.m"; sourceTree = "<group>"; };
		22309EDB20297E6B000B3A2A /* UIView+Addition.h */ = {isa = PBXFileReference; fileEncoding = 4; lastKnownFileType = sourcecode.c.h; path = "UIView+Addition.h"; sourceTree = "<group>"; };
		2288627E203FBC560024E9D5 /* TakePhotoViewController.h */ = {isa = PBXFileReference; lastKnownFileType = sourcecode.c.h; path = TakePhotoViewController.h; sourceTree = "<group>"; };
		2288627F203FBC560024E9D5 /* TakePhotoViewController.m */ = {isa = PBXFileReference; lastKnownFileType = sourcecode.c.objc; path = TakePhotoViewController.m; sourceTree = "<group>"; };
		22886282203FE9980024E9D5 /* TakeVideoViewController.h */ = {isa = PBXFileReference; lastKnownFileType = sourcecode.c.h; path = TakeVideoViewController.h; sourceTree = "<group>"; };
		22886283203FE9980024E9D5 /* TakeVideoViewController.m */ = {isa = PBXFileReference; lastKnownFileType = sourcecode.c.objc; path = TakeVideoViewController.m; sourceTree = "<group>"; };
		228862862043F2280024E9D5 /* TakeShortVideoViewController.h */ = {isa = PBXFileReference; lastKnownFileType = sourcecode.c.h; path = TakeShortVideoViewController.h; sourceTree = "<group>"; };
		228862872043F2280024E9D5 /* TakeShortVideoViewController.m */ = {isa = PBXFileReference; lastKnownFileType = sourcecode.c.objc; path = TakeShortVideoViewController.m; sourceTree = "<group>"; };
/* End PBXFileReference section */

/* Begin PBXFrameworksBuildPhase section */
		22309EB220295004000B3A2A /* Frameworks */ = {
			isa = PBXFrameworksBuildPhase;
			buildActionMask = 2147483647;
			files = (
			);
			runOnlyForDeploymentPostprocessing = 0;
		};
/* End PBXFrameworksBuildPhase section */

/* Begin PBXGroup section */
		22309EAC20295004000B3A2A = {
			isa = PBXGroup;
			children = (
				22309EB720295004000B3A2A /* VideoTake */,
				22309EB620295004000B3A2A /* Products */,
			);
			sourceTree = "<group>";
		};
		22309EB620295004000B3A2A /* Products */ = {
			isa = PBXGroup;
			children = (
				22309EB520295004000B3A2A /* VideoTake.app */,
			);
			name = Products;
			sourceTree = "<group>";
		};
		22309EB720295004000B3A2A /* VideoTake */ = {
			isa = PBXGroup;
			children = (
				228862852043F1D90024E9D5 /* TakeShortVideoController */,
				22886281203FE97C0024E9D5 /* TakeVideoViewController */,
				2288627D203FBC360024E9D5 /* TakePhotoViewController */,
				22309ED320297D86000B3A2A /* QRScannCodeViewController */,
				22309ECF20295195000B3A2A /* Main */,
				22309ECE2029501D000B3A2A /* Basic */,
				22309EC120295004000B3A2A /* Assets.xcassets */,
				22309EC320295004000B3A2A /* LaunchScreen.storyboard */,
				22309EC620295004000B3A2A /* Info.plist */,
				22309EC720295004000B3A2A /* main.m */,
			);
			path = VideoTake;
			sourceTree = "<group>";
		};
		22309ECE2029501D000B3A2A /* Basic */ = {
			isa = PBXGroup;
			children = (
				22309EB820295004000B3A2A /* AppDelegate.h */,
				22309EB920295004000B3A2A /* AppDelegate.m */,
				22309EBB20295004000B3A2A /* ViewController.h */,
				22309EBC20295004000B3A2A /* ViewController.m */,
				22309EBE20295004000B3A2A /* Main.storyboard */,
			);
			path = Basic;
			sourceTree = "<group>";
		};
		22309ECF20295195000B3A2A /* Main */ = {
			isa = PBXGroup;
			children = (
				22309ED0202951A9000B3A2A /* MainViewController.h */,
				22309ED1202951A9000B3A2A /* MainViewController.m */,
			);
			path = Main;
			sourceTree = "<group>";
		};
		22309ED320297D86000B3A2A /* QRScannCodeViewController */ = {
			isa = PBXGroup;
			children = (
				22309EDB20297E6B000B3A2A /* UIView+Addition.h */,
				22309EDA20297E6B000B3A2A /* UIView+Addition.m */,
				22309ED420297DA0000B3A2A /* QRScannViewController.h */,
				22309ED520297DA0000B3A2A /* QRScannViewController.m */,
			);
			path = QRScannCodeViewController;
			sourceTree = "<group>";
		};
		2288627D203FBC360024E9D5 /* TakePhotoViewController */ = {
			isa = PBXGroup;
			children = (
				2288627E203FBC560024E9D5 /* TakePhotoViewController.h */,
				2288627F203FBC560024E9D5 /* TakePhotoViewController.m */,
			);
			path = TakePhotoViewController;
			sourceTree = "<group>";
		};
		22886281203FE97C0024E9D5 /* TakeVideoViewController */ = {
			isa = PBXGroup;
			children = (
				22886282203FE9980024E9D5 /* TakeVideoViewController.h */,
				22886283203FE9980024E9D5 /* TakeVideoViewController.m */,
			);
			path = TakeVideoViewController;
			sourceTree = "<group>";
		};
		228862852043F1D90024E9D5 /* TakeShortVideoController */ = {
			isa = PBXGroup;
			children = (
				228862862043F2280024E9D5 /* TakeShortVideoViewController.h */,
				228862872043F2280024E9D5 /* TakeShortVideoViewController.m */,
			);
			path = TakeShortVideoController;
			sourceTree = "<group>";
		};
/* End PBXGroup section */

/* Begin PBXNativeTarget section */
		22309EB420295004000B3A2A /* VideoTake */ = {
			isa = PBXNativeTarget;
			buildConfigurationList = 22309ECB20295004000B3A2A /* Build configuration list for PBXNativeTarget "VideoTake" */;
			buildPhases = (
				22309EB120295004000B3A2A /* Sources */,
				22309EB220295004000B3A2A /* Frameworks */,
				22309EB320295004000B3A2A /* Resources */,
			);
			buildRules = (
			);
			dependencies = (
			);
			name = VideoTake;
			productName = VideoTake;
			productReference = 22309EB520295004000B3A2A /* VideoTake.app */;
			productType = "com.apple.product-type.application";
		};
/* End PBXNativeTarget section */

/* Begin PBXProject section */
		22309EAD20295004000B3A2A /* Project object */ = {
			isa = PBXProject;
			attributes = {
				LastUpgradeCheck = 0920;
				ORGANIZATIONNAME = zzg;
				TargetAttributes = {
					22309EB420295004000B3A2A = {
						CreatedOnToolsVersion = 9.2;
						ProvisioningStyle = Automatic;
					};
				};
			};
			buildConfigurationList = 22309EB020295004000B3A2A /* Build configuration list for PBXProject "VideoTake" */;
			compatibilityVersion = "Xcode 8.0";
			developmentRegion = en;
			hasScannedForEncodings = 0;
			knownRegions = (
				en,
				Base,
			);
			mainGroup = 22309EAC20295004000B3A2A;
			productRefGroup = 22309EB620295004000B3A2A /* Products */;
			projectDirPath = "";
			projectRoot = "";
			targets = (
				22309EB420295004000B3A2A /* VideoTake */,
			);
		};
/* End PBXProject section */

/* Begin PBXResourcesBuildPhase section */
		22309EB320295004000B3A2A /* Resources */ = {
			isa = PBXResourcesBuildPhase;
			buildActionMask = 2147483647;
			files = (
				22309EC520295004000B3A2A /* LaunchScreen.storyboard in Resources */,
				22309EC220295004000B3A2A /* Assets.xcassets in Resources */,
				22309EC020295004000B3A2A /* Main.storyboard in Resources */,
			);
			runOnlyForDeploymentPostprocessing = 0;
		};
/* End PBXResourcesBuildPhase section */

/* Begin PBXSourcesBuildPhase section */
		22309EB120295004000B3A2A /* Sources */ = {
			isa = PBXSourcesBuildPhase;
			buildActionMask = 2147483647;
			files = (
				22309EBD20295004000B3A2A /* ViewController.m in Sources */,
				22309EC820295004000B3A2A /* main.m in Sources */,
				22309EDC20297E6B000B3A2A /* UIView+Addition.m in Sources */,
				22309ED620297DA0000B3A2A /* QRScannViewController.m in Sources */,
				22886280203FBC560024E9D5 /* TakePhotoViewController.m in Sources */,
				22309EBA20295004000B3A2A /* AppDelegate.m in Sources */,
				22309ED2202951A9000B3A2A /* MainViewController.m in Sources */,
				228862882043F2280024E9D5 /* TakeShortVideoViewController.m in Sources */,
				22886284203FE9980024E9D5 /* TakeVideoViewController.m in Sources */,
			);
			runOnlyForDeploymentPostprocessing = 0;
		};
/* End PBXSourcesBuildPhase section */

/* Begin PBXVariantGroup section */
		22309EBE20295004000B3A2A /* Main.storyboard */ = {
			isa = PBXVariantGroup;
			children = (
				22309EBF20295004000B3A2A /* Base */,
			);
			name = Main.storyboard;
			sourceTree = "<group>";
		};
		22309EC320295004000B3A2A /* LaunchScreen.storyboard */ = {
			isa = PBXVariantGroup;
			children = (
				22309EC420295004000B3A2A /* Base */,
			);
			name = LaunchScreen.storyboard;
			sourceTree = "<group>";
		};
/* End PBXVariantGroup section */

/* Begin XCBuildConfiguration section */
		22309EC920295004000B3A2A /* Debug */ = {
			isa = XCBuildConfiguration;
			buildSettings = {
				ALWAYS_SEARCH_USER_PATHS = NO;
				CLANG_ANALYZER_NONNULL = YES;
				CLANG_ANALYZER_NUMBER_OBJECT_CONVERSION = YES_AGGRESSIVE;
				CLANG_CXX_LANGUAGE_STANDARD = "gnu++14";
				CLANG_CXX_LIBRARY = "libc++";
				CLANG_ENABLE_MODULES = YES;
				CLANG_ENABLE_OBJC_ARC = YES;
				CLANG_WARN_BLOCK_CAPTURE_AUTORELEASING = YES;
				CLANG_WARN_BOOL_CONVERSION = YES;
				CLANG_WARN_COMMA = YES;
				CLANG_WARN_CONSTANT_CONVERSION = YES;
				CLANG_WARN_DIRECT_OBJC_ISA_USAGE = YES_ERROR;
				CLANG_WARN_DOCUMENTATION_COMMENTS = YES;
				CLANG_WARN_EMPTY_BODY = YES;
				CLANG_WARN_ENUM_CONVERSION = YES;
				CLANG_WARN_INFINITE_RECURSION = YES;
				CLANG_WARN_INT_CONVERSION = YES;
				CLANG_WARN_NON_LITERAL_NULL_CONVERSION = YES;
				CLANG_WARN_OBJC_LITERAL_CONVERSION = YES;
				CLANG_WARN_OBJC_ROOT_CLASS = YES_ERROR;
				CLANG_WARN_RANGE_LOOP_ANALYSIS = YES;
				CLANG_WARN_STRICT_PROTOTYPES = YES;
				CLANG_WARN_SUSPICIOUS_MOVE = YES;
				CLANG_WARN_UNGUARDED_AVAILABILITY = YES_AGGRESSIVE;
				CLANG_WARN_UNREACHABLE_CODE = YES;
				CLANG_WARN__DUPLICATE_METHOD_MATCH = YES;
				CODE_SIGN_IDENTITY = "iPhone Developer";
				COPY_PHASE_STRIP = NO;
				DEBUG_INFORMATION_FORMAT = dwarf;
				ENABLE_STRICT_OBJC_MSGSEND = YES;
				ENABLE_TESTABILITY = YES;
				GCC_C_LANGUAGE_STANDARD = gnu11;
				GCC_DYNAMIC_NO_PIC = NO;
				GCC_NO_COMMON_BLOCKS = YES;
				GCC_OPTIMIZATION_LEVEL = 0;
				GCC_PREPROCESSOR_DEFINITIONS = (
					"DEBUG=1",
					"$(inherited)",
				);
				GCC_WARN_64_TO_32_BIT_CONVERSION = YES;
				GCC_WARN_ABOUT_RETURN_TYPE = YES_ERROR;
				GCC_WARN_UNDECLARED_SELECTOR = YES;
				GCC_WARN_UNINITIALIZED_AUTOS = YES_AGGRESSIVE;
				GCC_WARN_UNUSED_FUNCTION = YES;
				GCC_WARN_UNUSED_VARIABLE = YES;
				IPHONEOS_DEPLOYMENT_TARGET = 11.2;
				MTL_ENABLE_DEBUG_INFO = YES;
				ONLY_ACTIVE_ARCH = YES;
				SDKROOT = iphoneos;
			};
			name = Debug;
		};
		22309ECA20295004000B3A2A /* Release */ = {
			isa = XCBuildConfiguration;
			buildSettings = {
				ALWAYS_SEARCH_USER_PATHS = NO;
				CLANG_ANALYZER_NONNULL = YES;
				CLANG_ANALYZER_NUMBER_OBJECT_CONVERSION = YES_AGGRESSIVE;
				CLANG_CXX_LANGUAGE_STANDARD = "gnu++14";
				CLANG_CXX_LIBRARY = "libc++";
				CLANG_ENABLE_MODULES = YES;
				CLANG_ENABLE_OBJC_ARC = YES;
				CLANG_WARN_BLOCK_CAPTURE_AUTORELEASING = YES;
				CLANG_WARN_BOOL_CONVERSION = YES;
				CLANG_WARN_COMMA = YES;
				CLANG_WARN_CONSTANT_CONVERSION = YES;
				CLANG_WARN_DIRECT_OBJC_ISA_USAGE = YES_ERROR;
				CLANG_WARN_DOCUMENTATION_COMMENTS = YES;
				CLANG_WARN_EMPTY_BODY = YES;
				CLANG_WARN_ENUM_CONVERSION = YES;
				CLANG_WARN_INFINITE_RECURSION = YES;
				CLANG_WARN_INT_CONVERSION = YES;
				CLANG_WARN_NON_LITERAL_NULL_CONVERSION = YES;
				CLANG_WARN_OBJC_LITERAL_CONVERSION = YES;
				CLANG_WARN_OBJC_ROOT_CLASS = YES_ERROR;
				CLANG_WARN_RANGE_LOOP_ANALYSIS = YES;
				CLANG_WARN_STRICT_PROTOTYPES = YES;
				CLANG_WARN_SUSPICIOUS_MOVE = YES;
				CLANG_WARN_UNGUARDED_AVAILABILITY = YES_AGGRESSIVE;
				CLANG_WARN_UNREACHABLE_CODE = YES;
				CLANG_WARN__DUPLICATE_METHOD_MATCH = YES;
				CODE_SIGN_IDENTITY = "iPhone Developer";
				COPY_PHASE_STRIP = NO;
				DEBUG_INFORMATION_FORMAT = "dwarf-with-dsym";
				ENABLE_NS_ASSERTIONS = NO;
				ENABLE_STRICT_OBJC_MSGSEND = YES;
				GCC_C_LANGUAGE_STANDARD = gnu11;
				GCC_NO_COMMON_BLOCKS = YES;
				GCC_WARN_64_TO_32_BIT_CONVERSION = YES;
				GCC_WARN_ABOUT_RETURN_TYPE = YES_ERROR;
				GCC_WARN_UNDECLARED_SELECTOR = YES;
				GCC_WARN_UNINITIALIZED_AUTOS = YES_AGGRESSIVE;
				GCC_WARN_UNUSED_FUNCTION = YES;
				GCC_WARN_UNUSED_VARIABLE = YES;
				IPHONEOS_DEPLOYMENT_TARGET = 11.2;
				MTL_ENABLE_DEBUG_INFO = NO;
				SDKROOT = iphoneos;
				VALIDATE_PRODUCT = YES;
			};
			name = Release;
		};
		22309ECC20295004000B3A2A /* Debug */ = {
			isa = XCBuildConfiguration;
			buildSettings = {
				ASSETCATALOG_COMPILER_APPICON_NAME = AppIcon;
				CODE_SIGN_STYLE = Automatic;
				DEVELOPMENT_TEAM = XUPKLW5884;
				INFOPLIST_FILE = VideoTake/Info.plist;
				IPHONEOS_DEPLOYMENT_TARGET = 8.0;
				LD_RUNPATH_SEARCH_PATHS = "$(inherited) @executable_path/Frameworks";
				PRODUCT_BUNDLE_IDENTIFIER = test.VideoTake;
				PRODUCT_NAME = "$(TARGET_NAME)";
				TARGETED_DEVICE_FAMILY = "1,2";
			};
			name = Debug;
		};
		22309ECD20295004000B3A2A /* Release */ = {
			isa = XCBuildConfiguration;
			buildSettings = {
				ASSETCATALOG_COMPILER_APPICON_NAME = AppIcon;
				CODE_SIGN_STYLE = Automatic;
				DEVELOPMENT_TEAM = XUPKLW5884;
				INFOPLIST_FILE = VideoTake/Info.plist;
				IPHONEOS_DEPLOYMENT_TARGET = 8.0;
				LD_RUNPATH_SEARCH_PATHS = "$(inherited) @executable_path/Frameworks";
				PRODUCT_BUNDLE_IDENTIFIER = test.VideoTake;
				PRODUCT_NAME = "$(TARGET_NAME)";
				TARGETED_DEVICE_FAMILY = "1,2";
			};
			name = Release;
		};
/* End XCBuildConfiguration section */

/* Begin XCConfigurationList section */
		22309EB020295004000B3A2A /* Build configuration list for PBXProject "VideoTake" */ = {
			isa = XCConfigurationList;
			buildConfigurations = (
				22309EC920295004000B3A2A /* Debug */,
				22309ECA20295004000B3A2A /* Release */,
			);
			defaultConfigurationIsVisible = 0;
			defaultConfigurationName = Release;
		};
		22309ECB20295004000B3A2A /* Build configuration list for PBXNativeTarget "VideoTake" */ = {
			isa = XCConfigurationList;
			buildConfigurations = (
				22309ECC20295004000B3A2A /* Debug */,
				22309ECD20295004000B3A2A /* Release */,
			);
			defaultConfigurationIsVisible = 0;
			defaultConfigurationName = Release;
		};
/* End XCConfigurationList section */
	};
	rootObject = 22309EAD20295004000B3A2A /* Project object */;
}
